{
  "lockfile-version": 1,
  "manifest": {
    "schema-version": "1.10.0",
    "install": {
      "bash": {
        "pkg-path": "bash",
        "outputs": "all"
      },
      "coreutils": {
        "pkg-path": "coreutils",
        "outputs": "all"
      },
      "delve": {
        "pkg-path": "delve"
      },
      "go": {
        "pkg-path": "go",
        "version": "^1.25"
      },
      "kdns-debug": {
        "flake": "path:../../..#kdns-debug"
      }
    },
    "hook": {},
    "profile": {},
    "options": {
      "systems": [
        "aarch64-linux"
      ]
    }
  },
  "packages": [
    {
      "attr_path": "bash",
      "broken": false,
      "derivation": "/nix/store/6m17d0hk048xgklqrblndd6hxbx536x9-bash-interactive-5.3p15.drv",
      "description": "GNU Bourne-Again Shell, the de facto standard shell on Linux (for interactive use)",
      "install_id": "bash",
      "license": "GPL-3.0-or-later",
      "locked_url": "https://github.com/flox/nixpkgs?rev=56c02bc00adcf003215cc4bd996d6efaf4cff188",
      "name": "bash-interactive-5.3p15",
      "pname": "bash",
      "rev": "56c02bc00adcf003215cc4bd996d6efaf4cff188",
      "rev_count": 1060451,
      "rev_date": "2026-08-23T15:22:48Z",
      "scrape_date": "2026-08-25T05:27:21.628451Z",
      "stabilities": [
        "unstable"
      ],
      "unfree": false,
      "version": "5.3p15",
      "outputs_to_install": [
        "man",
        "out",
        "out"
      ],
      "outputs": {
        "debug": "/nix/store/0dl2x2hd1chhnl1jnzid2n2pigidvvw3-bash-interactive-5.3p15-debug",
        "dev": "/nix/store/jllm6fy12lsxnk9af20yjf83livhddzh-bash-interactive-5.3p15-dev",
        "doc": "/nix/store/p7kxvv6n35nkn2kf7m4gsyh18lpdc174-bash-interactive-5.3p15-doc",
        "info": "/nix/store/3n2nk4fr1c3lk7dqbvd802svdrhmg7fd-bash-interactive-5.3p15-info",
        "man": "/nix/store/gdbq6857ydnda2zi8fhdmzpbjh9d946l-bash-interactive-5.3p15-man",
        "out": "/nix/store/a9kda025a17126f14c01xpwscmjqddwb-bash-interactive-5.3p15"
      },
      "system": "aarch64-linux",
      "group": "toplevel",
      "priority": 5
    },
    {
      "attr_path": "coreutils",
      "broken": false,
      "derivation": "/nix/store/zywpcpzi0b2d4av1h0lg7x8nnf672mfz-coreutils-9.11.drv",
      "description": "GNU Core Utilities",
      "install_id": "coreutils",
      "license": "GPL-3.0-or-later",
      "locked_url": "https://github.com/flox/nixpkgs?rev=56c02bc00adcf003215cc4bd996d6efaf4cff188",
      "name": "coreutils-9.11",
      "pname": "coreutils",
      "rev": "56c02bc00adcf003215cc4bd996d6efaf4cff188",
      "rev_count": 1060451,
      "rev_date": "2026-08-23T15:22:48Z",
      "scrape_date": "2026-08-25T05:27:22.130238Z",
      "stabilities": [
        "unstable"
      ],
      "unfree": false,
      "version": "9.11",
      "outputs_to_install": [
        "out",
        "out",
        "out"
      ],
      "outputs": {
        "debug": "/nix/store/9s0n8g4m0yy3fkglglir6vfm3g7lncvl-coreutils-9.11-debug",
        "info": "/nix/store/kk4nsbj48pn6d33rvmxiw6w7r17bqdkn-coreutils-9.11-info",
        "out": "/nix/store/dqxknsb71lsgzfzcdmn6x7fzssqbdyyx-coreutils-9.11"
      },
      "system": "aarch64-linux",
      "group": "toplevel",
      "priority": 5
    },
    {
      "attr_path": "delve",
      "broken": false,
      "derivation": "/nix/store/kzaa5q4jjdlx9y7bhhkp7783xs2lk9n5-delve-1.27.1.drv",
      "description": "Debugger for the Go programming language",
      "install_id": "delve",
      "license": "MIT",
      "locked_url": "https://github.com/flox/nixpkgs?rev=56c02bc00adcf003215cc4bd996d6efaf4cff188",
      "name": "delve-1.27.1",
      "pname": "delve",
      "rev": "56c02bc00adcf003215cc4bd996d6efaf4cff188",
      "rev_count": 1060451,
      "rev_date": "2026-08-23T15:22:48Z",
      "scrape_date": "2026-08-25T05:27:22.322783Z",
      "stabilities": [
        "unstable"
      ],
      "unfree": false,
      "version": "1.27.1",
      "outputs_to_install": [
        "out"
      ],
      "outputs": {
        "out": "/nix/store/kq78xx7aax02syz5fd65q1aajm37qq9a-delve-1.27.1"
      },
      "system": "aarch64-linux",
      "group": "toplevel",
      "priority": 5
    },
    {
      "attr_path": "go",
      "broken": false,
      "derivation": "/nix/store/0gbv4dwd20dvc1ld7v7vmbym3wh5lvkp-go-1.26.5.drv",
      "description": "Go Programming language",
      "install_id": "go",
      "license": "BSD-3-Clause",
      "locked_url": "https://github.com/flox/nixpkgs?rev=56c02bc00adcf003215cc4bd996d6efaf4cff188",
      "name": "go-1.26.5",
      "pname": "go",
      "rev": "56c02bc00adcf003215cc4bd996d6efaf4cff188",
      "rev_count": 1060451,
      "rev_date": "2026-08-23T15:22:48Z",
      "scrape_date": "2026-08-25T05:27:24.256396Z",
      "stabilities": [
        "unstable"
      ],
      "unfree": false,
      "version": "1.26.5",
      "outputs_to_install": [
        "out"
      ],
      "outputs": {
        "out": "/nix/store/yjifjy7qjzm9jli8xhzwy3y6fzw84405-go-1.26.5"
      },
      "system": "aarch64-linux",
      "group": "toplevel",
      "priority": 5
    },
    {
      "install_id": "kdns-debug",
      "locked-url": "path:/private/var/lib/git/seedmatic/rke2lab.d/feature/nixos-node-substrate/osgi/domains/manifests/manifests-core/src/main/resources/runtime/flox?lastModified=1787655363&narHash=sha256-EPaYdmCLf4CFoI79tzvsvKW0yLcEF%2BqMVHoYKGMY8WA%3D",
      "flake-description": "Flox runtime env catalog: per-workload packages (kdns, headplane, headscale, tailscale) the flox-nri-plugin injects. The plugin itself now lives in github:seedmatic/flox-nri-plugin (consumed as the flox-runtime input of the rke2lab flake).",
      "locked-flake-attr-path": "packages.aarch64-linux.kdns-debug",
      "derivation": "/nix/store/1b0hafy9d3y1805r0sf6yx9p8fmjsa59-kdns-debug-0.2.15.drv",
      "outputs": {
        "out": "/nix/store/hsqxnqhcfkqgsbkfq4hy444hwm0lsscs-kdns-debug-0.2.15"
      },
      "output-names": [
        "out"
      ],
      "outputs-to-install": [
        "out"
      ],
      "requested-outputs-to-install": [],
      "package-system": "aarch64-linux",
      "system": "aarch64-linux",
      "name": "kdns-debug-0.2.15",
      "pname": "kdns-debug",
      "version": "0.2.15",
      "description": "Kubernetes DNS controller with mDNS support (debug build)",
      "licenses": [
        "MIT"
      ],
      "broken": false,
      "unfree": false,
      "priority": 5
    }
  ]
}