{
  "lockfile-version": 1,
  "manifest": {
    "schema-version": "1.10.0",
    "install": {
      "bash": {
        "pkg-path": "bash",
        "outputs": "all"
      },
      "coreutils": {
        "pkg-path": "coreutils",
        "outputs": "all"
      },
      "headscale": {
        "flake": "path:../../..#headscale"
      },
      "kubectl": {
        "pkg-path": "kubectl",
        "outputs": "all"
      }
    },
    "options": {
      "systems": [
        "aarch64-linux"
      ]
    }
  },
  "packages": [
    {
      "attr_path": "bash",
      "broken": false,
      "derivation": "/nix/store/6m17d0hk048xgklqrblndd6hxbx536x9-bash-interactive-5.3p15.drv",
      "description": "GNU Bourne-Again Shell, the de facto standard shell on Linux (for interactive use)",
      "install_id": "bash",
      "license": "GPL-3.0-or-later",
      "locked_url": "https://github.com/flox/nixpkgs?rev=56c02bc00adcf003215cc4bd996d6efaf4cff188",
      "name": "bash-interactive-5.3p15",
      "pname": "bash",
      "rev": "56c02bc00adcf003215cc4bd996d6efaf4cff188",
      "rev_count": 1060451,
      "rev_date": "2026-08-23T15:22:48Z",
      "scrape_date": "2026-08-25T05:27:21.628451Z",
      "stabilities": [
        "unstable"
      ],
      "unfree": false,
      "version": "5.3p15",
      "outputs_to_install": [
        "man",
        "out",
        "out"
      ],
      "outputs": {
        "debug": "/nix/store/0dl2x2hd1chhnl1jnzid2n2pigidvvw3-bash-interactive-5.3p15-debug",
        "dev": "/nix/store/jllm6fy12lsxnk9af20yjf83livhddzh-bash-interactive-5.3p15-dev",
        "doc": "/nix/store/p7kxvv6n35nkn2kf7m4gsyh18lpdc174-bash-interactive-5.3p15-doc",
        "info": "/nix/store/3n2nk4fr1c3lk7dqbvd802svdrhmg7fd-bash-interactive-5.3p15-info",
        "man": "/nix/store/gdbq6857ydnda2zi8fhdmzpbjh9d946l-bash-interactive-5.3p15-man",
        "out": "/nix/store/a9kda025a17126f14c01xpwscmjqddwb-bash-interactive-5.3p15"
      },
      "system": "aarch64-linux",
      "group": "toplevel",
      "priority": 5
    },
    {
      "attr_path": "coreutils",
      "broken": false,
      "derivation": "/nix/store/zywpcpzi0b2d4av1h0lg7x8nnf672mfz-coreutils-9.11.drv",
      "description": "GNU Core Utilities",
      "install_id": "coreutils",
      "license": "GPL-3.0-or-later",
      "locked_url": "https://github.com/flox/nixpkgs?rev=56c02bc00adcf003215cc4bd996d6efaf4cff188",
      "name": "coreutils-9.11",
      "pname": "coreutils",
      "rev": "56c02bc00adcf003215cc4bd996d6efaf4cff188",
      "rev_count": 1060451,
      "rev_date": "2026-08-23T15:22:48Z",
      "scrape_date": "2026-08-25T05:27:22.130238Z",
      "stabilities": [
        "unstable"
      ],
      "unfree": false,
      "version": "9.11",
      "outputs_to_install": [
        "out",
        "out",
        "out"
      ],
      "outputs": {
        "debug": "/nix/store/9s0n8g4m0yy3fkglglir6vfm3g7lncvl-coreutils-9.11-debug",
        "info": "/nix/store/kk4nsbj48pn6d33rvmxiw6w7r17bqdkn-coreutils-9.11-info",
        "out": "/nix/store/dqxknsb71lsgzfzcdmn6x7fzssqbdyyx-coreutils-9.11"
      },
      "system": "aarch64-linux",
      "group": "toplevel",
      "priority": 5
    },
    {
      "attr_path": "kubectl",
      "broken": false,
      "derivation": "/nix/store/2is96v8lflgsnsz9jiic7r83145cgvs5-kubectl-1.36.3.drv",
      "description": "Kubernetes CLI",
      "install_id": "kubectl",
      "license": "Apache-2.0",
      "locked_url": "https://github.com/flox/nixpkgs?rev=56c02bc00adcf003215cc4bd996d6efaf4cff188",
      "name": "kubectl-1.36.3",
      "pname": "kubectl",
      "rev": "56c02bc00adcf003215cc4bd996d6efaf4cff188",
      "rev_count": 1060451,
      "rev_date": "2026-08-23T15:22:48Z",
      "scrape_date": "2026-08-25T05:27:45.871964Z",
      "stabilities": [
        "unstable"
      ],
      "unfree": false,
      "version": "1.36.3",
      "outputs_to_install": [
        "man",
        "out"
      ],
      "outputs": {
        "convert": "/nix/store/24md48z9majyrscs3ggdqzlgsh43ccbk-kubectl-1.36.3-convert",
        "man": "/nix/store/lxv9yji4ba7h4al0kvrnyh8nq28gkda0-kubectl-1.36.3-man",
        "out": "/nix/store/mwrypgbd1idjcnxrfmgif82zv06khnm6-kubectl-1.36.3"
      },
      "system": "aarch64-linux",
      "group": "toplevel",
      "priority": 5
    },
    {
      "install_id": "headscale",
      "locked-url": "path:/private/var/lib/git/seedmatic/rke2lab.d/feature/nixos-node-substrate/osgi/domains/manifests/manifests-core/src/main/resources/runtime/flox?lastModified=1787768764&narHash=sha256-7YLygEAX2mURMdd3aWf7CME8y/gQekSAKfxZ7MRgF7w%3D",
      "flake-description": "Flox runtime env catalog: per-workload packages (kdns, headplane, headscale, tailscale) the flox-nri-plugin injects. The plugin itself now lives in github:seedmatic/flox-nri-plugin (consumed as the flox-runtime input of the rke2lab flake).",
      "locked-flake-attr-path": "packages.aarch64-linux.headscale",
      "derivation": "/nix/store/4f2dbr2c6bdm57c0y90cbf2w47x7lzzw-headscale-5aff68b.drv",
      "outputs": {
        "out": "/nix/store/nlx1arkh6avli5hr510891gjg27471pj-headscale-5aff68b"
      },
      "output-names": [
        "out"
      ],
      "outputs-to-install": [
        "out"
      ],
      "requested-outputs-to-install": [],
      "package-system": "aarch64-linux",
      "system": "aarch64-linux",
      "name": "headscale-5aff68b",
      "pname": "headscale",
      "version": "5aff68b",
      "broken": false,
      "unfree": false,
      "priority": 5
    }
  ]
}