{
  "lockfile-version": 1,
  "manifest": {
    "schema-version": "1.10.0",
    "install": {
      "bash": {
        "pkg-path": "bash",
        "outputs": "all"
      },
      "coreutils": {
        "pkg-path": "coreutils",
        "outputs": "all"
      },
      "delve": {
        "pkg-path": "delve"
      },
      "go": {
        "pkg-path": "go",
        "version": "^1.25"
      },
      "kdns-debug": {
        "flake": "path:.flox/env#kdns-debug"
      }
    },
    "hook": {},
    "profile": {},
    "options": {}
  },
  "packages": [
    {
      "attr_path": "bash",
      "broken": false,
      "derivation": "/nix/store/zf9mqr2qbbaqhs0qbh2mc8gc1gyaz5x5-bash-interactive-5.3p9.drv",
      "description": "GNU Bourne-Again Shell, the de facto standard shell on Linux (for interactive use)",
      "install_id": "bash",
      "license": "GPL-3.0-or-later",
      "locked_url": "https://github.com/flox/nixpkgs?rev=29916453413845e54a65b8a1cf996842300cd299",
      "name": "bash-interactive-5.3p9",
      "pname": "bash",
      "rev": "29916453413845e54a65b8a1cf996842300cd299",
      "rev_count": 1003640,
      "rev_date": "2026-05-23T03:54:30Z",
      "scrape_date": "2026-05-24T07:05:50.368178Z",
      "stabilities": [
        "unstable"
      ],
      "unfree": false,
      "version": "5.3p9",
      "outputs_to_install": [
        "man",
        "out"
      ],
      "outputs": {
        "dev": "/nix/store/xmb14n7f9yh8dyvqchlcyjzwp62wdnnb-bash-interactive-5.3p9-dev",
        "doc": "/nix/store/mjx4h2q5ryysmci0ilb3n7iihphf35nw-bash-interactive-5.3p9-doc",
        "info": "/nix/store/id48aywm43d68kcw0ykj58dx4ylphn8g-bash-interactive-5.3p9-info",
        "man": "/nix/store/z582wbk8fi8akrn1rmdp2s2lr93nfs6d-bash-interactive-5.3p9-man",
        "out": "/nix/store/jmww9gmmd1h1wjhlw4adcfnb2xkbab1w-bash-interactive-5.3p9"
      },
      "system": "aarch64-darwin",
      "group": "toplevel",
      "priority": 5
    },
    {
      "attr_path": "bash",
      "broken": false,
      "derivation": "/nix/store/yjlnifqyzrvjkck62c8jb90b6qfhf1a9-bash-interactive-5.3p9.drv",
      "description": "GNU Bourne-Again Shell, the de facto standard shell on Linux (for interactive use)",
      "install_id": "bash",
      "license": "GPL-3.0-or-later",
      "locked_url": "https://github.com/flox/nixpkgs?rev=29916453413845e54a65b8a1cf996842300cd299",
      "name": "bash-interactive-5.3p9",
      "pname": "bash",
      "rev": "29916453413845e54a65b8a1cf996842300cd299",
      "rev_count": 1003640,
      "rev_date": "2026-05-23T03:54:30Z",
      "scrape_date": "2026-05-24T07:34:04.109220Z",
      "stabilities": [
        "unstable"
      ],
      "unfree": false,
      "version": "5.3p9",
      "outputs_to_install": [
        "man",
        "out",
        "out"
      ],
      "outputs": {
        "debug": "/nix/store/59jsjxl9w1yp212h1d1qq0xl0v2cch06-bash-interactive-5.3p9-debug",
        "dev": "/nix/store/1ry8ms2dz2ggmind11cwcxba1bsiih8p-bash-interactive-5.3p9-dev",
        "doc": "/nix/store/kvrdzcknzwwfim9bcrmqjghk74lmgrz6-bash-interactive-5.3p9-doc",
        "info": "/nix/store/npi4wzy3qpn6x7ljdpd5kn1bvn5jzqx3-bash-interactive-5.3p9-info",
        "man": "/nix/store/zfmp9hfsfz2my62xpy5lx2b2ax33zv8y-bash-interactive-5.3p9-man",
        "out": "/nix/store/rprpkkhvvf36qgpxhdjb7nmq26ayhf3f-bash-interactive-5.3p9"
      },
      "system": "aarch64-linux",
      "group": "toplevel",
      "priority": 5
    },
    {
      "attr_path": "bash",
      "broken": false,
      "derivation": "/nix/store/0kwgagf4yll5l88i5hlhyhbscjhsxa9x-bash-interactive-5.3p9.drv",
      "description": "GNU Bourne-Again Shell, the de facto standard shell on Linux (for interactive use)",
      "install_id": "bash",
      "license": "GPL-3.0-or-later",
      "locked_url": "https://github.com/flox/nixpkgs?rev=29916453413845e54a65b8a1cf996842300cd299",
      "name": "bash-interactive-5.3p9",
      "pname": "bash",
      "rev": "29916453413845e54a65b8a1cf996842300cd299",
      "rev_count": 1003640,
      "rev_date": "2026-05-23T03:54:30Z",
      "scrape_date": "2026-05-24T08:01:32.054864Z",
      "stabilities": [
        "unstable"
      ],
      "unfree": false,
      "version": "5.3p9",
      "outputs_to_install": [
        "man",
        "out"
      ],
      "outputs": {
        "dev": "/nix/store/cfhl4fg2r45ax7sj1q7k9dmakwvmkgbi-bash-interactive-5.3p9-dev",
        "doc": "/nix/store/i66hd4cbb3dljv5bl8wxmlaqbahj1j2c-bash-interactive-5.3p9-doc",
        "info": "/nix/store/193n101bfkh5r1mb1mrx1m6bqp6qzas5-bash-interactive-5.3p9-info",
        "man": "/nix/store/l41a2yy55nnsq632kyn0r94ck12cfdal-bash-interactive-5.3p9-man",
        "out": "/nix/store/93lxfa3hg9944zd0wsb2pvy20l9p0z1n-bash-interactive-5.3p9"
      },
      "system": "x86_64-darwin",
      "group": "toplevel",
      "priority": 5
    },
    {
      "attr_path": "bash",
      "broken": false,
      "derivation": "/nix/store/j96v6m8skpckq2dnql0ap2irlpq8f2f2-bash-interactive-5.3p9.drv",
      "description": "GNU Bourne-Again Shell, the de facto standard shell on Linux (for interactive use)",
      "install_id": "bash",
      "license": "GPL-3.0-or-later",
      "locked_url": "https://github.com/flox/nixpkgs?rev=29916453413845e54a65b8a1cf996842300cd299",
      "name": "bash-interactive-5.3p9",
      "pname": "bash",
      "rev": "29916453413845e54a65b8a1cf996842300cd299",
      "rev_count": 1003640,
      "rev_date": "2026-05-23T03:54:30Z",
      "scrape_date": "2026-05-24T08:31:55.329625Z",
      "stabilities": [
        "unstable"
      ],
      "unfree": false,
      "version": "5.3p9",
      "outputs_to_install": [
        "man",
        "out",
        "out"
      ],
      "outputs": {
        "debug": "/nix/store/18k6pfp43yzqh83mxzmj3cpm4x6866j0-bash-interactive-5.3p9-debug",
        "dev": "/nix/store/bvsy09r85z0q1m30p87s1bf4ikb0s84i-bash-interactive-5.3p9-dev",
        "doc": "/nix/store/bhbjla95nysak3l3464zjf5phdmqk66v-bash-interactive-5.3p9-doc",
        "info": "/nix/store/46jj4fy2cndcp00j4972bpddadijxjmc-bash-interactive-5.3p9-info",
        "man": "/nix/store/73fr7zjwc2s46y7vrq8563237l0ivqcb-bash-interactive-5.3p9-man",
        "out": "/nix/store/cgjr3kj3hs7ngznyws5qfg16c8scpys0-bash-interactive-5.3p9"
      },
      "system": "x86_64-linux",
      "group": "toplevel",
      "priority": 5
    },
    {
      "attr_path": "coreutils",
      "broken": false,
      "derivation": "/nix/store/cvg9lkn1bkgh7wfw9idx5l3wlqci58p0-coreutils-9.11.drv",
      "description": "GNU Core Utilities",
      "install_id": "coreutils",
      "license": "GPL-3.0-or-later",
      "locked_url": "https://github.com/flox/nixpkgs?rev=29916453413845e54a65b8a1cf996842300cd299",
      "name": "coreutils-9.11",
      "pname": "coreutils",
      "rev": "29916453413845e54a65b8a1cf996842300cd299",
      "rev_count": 1003640,
      "rev_date": "2026-05-23T03:54:30Z",
      "scrape_date": "2026-05-24T07:05:50.825074Z",
      "stabilities": [
        "unstable"
      ],
      "unfree": false,
      "version": "9.11",
      "outputs_to_install": [
        "out"
      ],
      "outputs": {
        "info": "/nix/store/83kk1z6r4n7il426hl9qhgvjn3gw3i3k-coreutils-9.11-info",
        "out": "/nix/store/y0ha8v4gh5vnwwmp2r0msfbdlvgwv2np-coreutils-9.11"
      },
      "system": "aarch64-darwin",
      "group": "toplevel",
      "priority": 5
    },
    {
      "attr_path": "coreutils",
      "broken": false,
      "derivation": "/nix/store/hcyz1x1w9dxfsmq5kv2abdw2qvnv766h-coreutils-9.11.drv",
      "description": "GNU Core Utilities",
      "install_id": "coreutils",
      "license": "GPL-3.0-or-later",
      "locked_url": "https://github.com/flox/nixpkgs?rev=29916453413845e54a65b8a1cf996842300cd299",
      "name": "coreutils-9.11",
      "pname": "coreutils",
      "rev": "29916453413845e54a65b8a1cf996842300cd299",
      "rev_count": 1003640,
      "rev_date": "2026-05-23T03:54:30Z",
      "scrape_date": "2026-05-24T07:34:04.645271Z",
      "stabilities": [
        "unstable"
      ],
      "unfree": false,
      "version": "9.11",
      "outputs_to_install": [
        "out",
        "out"
      ],
      "outputs": {
        "debug": "/nix/store/p2vk0ll7l8dp5n203ffrvjpj491h6x90-coreutils-9.11-debug",
        "info": "/nix/store/c96my4whwlw38gqj39370k93bbbrwn3h-coreutils-9.11-info",
        "out": "/nix/store/9bhf1ff1kwhmyynws5jkjp8k7pkh6kix-coreutils-9.11"
      },
      "system": "aarch64-linux",
      "group": "toplevel",
      "priority": 5
    },
    {
      "attr_path": "coreutils",
      "broken": false,
      "derivation": "/nix/store/43cajzan4k0mwbm31pcpjfrfjljfkxfd-coreutils-9.11.drv",
      "description": "GNU Core Utilities",
      "install_id": "coreutils",
      "license": "GPL-3.0-or-later",
      "locked_url": "https://github.com/flox/nixpkgs?rev=29916453413845e54a65b8a1cf996842300cd299",
      "name": "coreutils-9.11",
      "pname": "coreutils",
      "rev": "29916453413845e54a65b8a1cf996842300cd299",
      "rev_count": 1003640,
      "rev_date": "2026-05-23T03:54:30Z",
      "scrape_date": "2026-05-24T08:01:32.442449Z",
      "stabilities": [
        "unstable"
      ],
      "unfree": false,
      "version": "9.11",
      "outputs_to_install": [
        "out"
      ],
      "outputs": {
        "info": "/nix/store/6dkbcg1yv4z4h2md9yi5cgr8f6scsgsb-coreutils-9.11-info",
        "out": "/nix/store/5m3k4f22kg542p2lr4ikk2xj6grlmvrg-coreutils-9.11"
      },
      "system": "x86_64-darwin",
      "group": "toplevel",
      "priority": 5
    },
    {
      "attr_path": "coreutils",
      "broken": false,
      "derivation": "/nix/store/08fg4a5d85pnlagm8qrk1pga0zkyjsxm-coreutils-9.11.drv",
      "description": "GNU Core Utilities",
      "install_id": "coreutils",
      "license": "GPL-3.0-or-later",
      "locked_url": "https://github.com/flox/nixpkgs?rev=29916453413845e54a65b8a1cf996842300cd299",
      "name": "coreutils-9.11",
      "pname": "coreutils",
      "rev": "29916453413845e54a65b8a1cf996842300cd299",
      "rev_count": 1003640,
      "rev_date": "2026-05-23T03:54:30Z",
      "scrape_date": "2026-05-24T08:31:55.890793Z",
      "stabilities": [
        "unstable"
      ],
      "unfree": false,
      "version": "9.11",
      "outputs_to_install": [
        "out",
        "out"
      ],
      "outputs": {
        "debug": "/nix/store/gfcdh00xkdhrd6qqz1gxdlq7ba5xkyaq-coreutils-9.11-debug",
        "info": "/nix/store/77sgl4gzlhg90154z7qk1fqs2qpvsqs8-coreutils-9.11-info",
        "out": "/nix/store/9ypz3flqsrl5xl495mm8h645gadjsxi1-coreutils-9.11"
      },
      "system": "x86_64-linux",
      "group": "toplevel",
      "priority": 5
    },
    {
      "attr_path": "delve",
      "broken": false,
      "derivation": "/nix/store/vmsvvgh8hdrpyx13hh7wmw2m3y6wazd5-delve-1.26.3.drv",
      "description": "Debugger for the Go programming language",
      "install_id": "delve",
      "license": "MIT",
      "locked_url": "https://github.com/flox/nixpkgs?rev=29916453413845e54a65b8a1cf996842300cd299",
      "name": "delve-1.26.3",
      "pname": "delve",
      "rev": "29916453413845e54a65b8a1cf996842300cd299",
      "rev_count": 1003640,
      "rev_date": "2026-05-23T03:54:30Z",
      "scrape_date": "2026-05-24T07:05:50.957593Z",
      "stabilities": [
        "unstable"
      ],
      "unfree": false,
      "version": "1.26.3",
      "outputs_to_install": [
        "out"
      ],
      "outputs": {
        "out": "/nix/store/ahgl8yh71m7mkr3s37k7sx6gad9n17d9-delve-1.26.3"
      },
      "system": "aarch64-darwin",
      "group": "toplevel",
      "priority": 5
    },
    {
      "attr_path": "delve",
      "broken": false,
      "derivation": "/nix/store/a608gsb6lwk1527adgycaq7h43gy4sg2-delve-1.26.3.drv",
      "description": "Debugger for the Go programming language",
      "install_id": "delve",
      "license": "MIT",
      "locked_url": "https://github.com/flox/nixpkgs?rev=29916453413845e54a65b8a1cf996842300cd299",
      "name": "delve-1.26.3",
      "pname": "delve",
      "rev": "29916453413845e54a65b8a1cf996842300cd299",
      "rev_count": 1003640,
      "rev_date": "2026-05-23T03:54:30Z",
      "scrape_date": "2026-05-24T07:34:04.841293Z",
      "stabilities": [
        "unstable"
      ],
      "unfree": false,
      "version": "1.26.3",
      "outputs_to_install": [
        "out"
      ],
      "outputs": {
        "out": "/nix/store/yx68gbg6j8i4fiw2yjf218kqmssic26f-delve-1.26.3"
      },
      "system": "aarch64-linux",
      "group": "toplevel",
      "priority": 5
    },
    {
      "attr_path": "delve",
      "broken": false,
      "derivation": "/nix/store/q2j50lf9dwkdgk8hc3l159znn5kaia74-delve-1.26.3.drv",
      "description": "Debugger for the Go programming language",
      "install_id": "delve",
      "license": "MIT",
      "locked_url": "https://github.com/flox/nixpkgs?rev=29916453413845e54a65b8a1cf996842300cd299",
      "name": "delve-1.26.3",
      "pname": "delve",
      "rev": "29916453413845e54a65b8a1cf996842300cd299",
      "rev_count": 1003640,
      "rev_date": "2026-05-23T03:54:30Z",
      "scrape_date": "2026-05-24T08:01:32.569847Z",
      "stabilities": [
        "unstable"
      ],
      "unfree": false,
      "version": "1.26.3",
      "outputs_to_install": [
        "out"
      ],
      "outputs": {
        "out": "/nix/store/4ppjg0cliwhb2943phgimzkh9d91j82f-delve-1.26.3"
      },
      "system": "x86_64-darwin",
      "group": "toplevel",
      "priority": 5
    },
    {
      "attr_path": "delve",
      "broken": false,
      "derivation": "/nix/store/2d49zy90plh48lxydrl6afwwnh8b544g-delve-1.26.3.drv",
      "description": "Debugger for the Go programming language",
      "install_id": "delve",
      "license": "MIT",
      "locked_url": "https://github.com/flox/nixpkgs?rev=29916453413845e54a65b8a1cf996842300cd299",
      "name": "delve-1.26.3",
      "pname": "delve",
      "rev": "29916453413845e54a65b8a1cf996842300cd299",
      "rev_count": 1003640,
      "rev_date": "2026-05-23T03:54:30Z",
      "scrape_date": "2026-05-24T08:31:56.114585Z",
      "stabilities": [
        "unstable"
      ],
      "unfree": false,
      "version": "1.26.3",
      "outputs_to_install": [
        "out"
      ],
      "outputs": {
        "out": "/nix/store/p79hmkp5zdpq2n63wydgmjgynzk2dv0a-delve-1.26.3"
      },
      "system": "x86_64-linux",
      "group": "toplevel",
      "priority": 5
    },
    {
      "attr_path": "go",
      "broken": false,
      "derivation": "/nix/store/blzdb50chabvbv43zdnhdgw36kwbkjkn-go-1.26.3.drv",
      "description": "Go Programming language",
      "install_id": "go",
      "license": "BSD-3-Clause",
      "locked_url": "https://github.com/flox/nixpkgs?rev=29916453413845e54a65b8a1cf996842300cd299",
      "name": "go-1.26.3",
      "pname": "go",
      "rev": "29916453413845e54a65b8a1cf996842300cd299",
      "rev_count": 1003640,
      "rev_date": "2026-05-23T03:54:30Z",
      "scrape_date": "2026-05-24T07:05:51.758116Z",
      "stabilities": [
        "unstable"
      ],
      "unfree": false,
      "version": "1.26.3",
      "outputs_to_install": [
        "out"
      ],
      "outputs": {
        "out": "/nix/store/7ycp8j45iay38g9mjaxmy4jhwdsrb47y-go-1.26.3"
      },
      "system": "aarch64-darwin",
      "group": "toplevel",
      "priority": 5
    },
    {
      "attr_path": "go",
      "broken": false,
      "derivation": "/nix/store/jki0pzi8p9kmdq1dls14kqqqz4idv7jg-go-1.26.3.drv",
      "description": "Go Programming language",
      "install_id": "go",
      "license": "BSD-3-Clause",
      "locked_url": "https://github.com/flox/nixpkgs?rev=29916453413845e54a65b8a1cf996842300cd299",
      "name": "go-1.26.3",
      "pname": "go",
      "rev": "29916453413845e54a65b8a1cf996842300cd299",
      "rev_count": 1003640,
      "rev_date": "2026-05-23T03:54:30Z",
      "scrape_date": "2026-05-24T07:34:06.584977Z",
      "stabilities": [
        "unstable"
      ],
      "unfree": false,
      "version": "1.26.3",
      "outputs_to_install": [
        "out"
      ],
      "outputs": {
        "out": "/nix/store/jkcwcbwvhgzmxg59798z4clmj4bfv42i-go-1.26.3"
      },
      "system": "aarch64-linux",
      "group": "toplevel",
      "priority": 5
    },
    {
      "attr_path": "go",
      "broken": false,
      "derivation": "/nix/store/7n0xa4zykbwpfpgvjgwq5xhwgwba5zy5-go-1.26.3.drv",
      "description": "Go Programming language",
      "install_id": "go",
      "license": "BSD-3-Clause",
      "locked_url": "https://github.com/flox/nixpkgs?rev=29916453413845e54a65b8a1cf996842300cd299",
      "name": "go-1.26.3",
      "pname": "go",
      "rev": "29916453413845e54a65b8a1cf996842300cd299",
      "rev_count": 1003640,
      "rev_date": "2026-05-23T03:54:30Z",
      "scrape_date": "2026-05-24T08:01:33.395525Z",
      "stabilities": [
        "unstable"
      ],
      "unfree": false,
      "version": "1.26.3",
      "outputs_to_install": [
        "out"
      ],
      "outputs": {
        "out": "/nix/store/3f2jzvxmhhlarjqxy1p7i9r5l34siz29-go-1.26.3"
      },
      "system": "x86_64-darwin",
      "group": "toplevel",
      "priority": 5
    },
    {
      "attr_path": "go",
      "broken": false,
      "derivation": "/nix/store/8w69p8dq6b2w07g6wpind27bm761k38d-go-1.26.3.drv",
      "description": "Go Programming language",
      "install_id": "go",
      "license": "BSD-3-Clause",
      "locked_url": "https://github.com/flox/nixpkgs?rev=29916453413845e54a65b8a1cf996842300cd299",
      "name": "go-1.26.3",
      "pname": "go",
      "rev": "29916453413845e54a65b8a1cf996842300cd299",
      "rev_count": 1003640,
      "rev_date": "2026-05-23T03:54:30Z",
      "scrape_date": "2026-05-24T08:31:58.004932Z",
      "stabilities": [
        "unstable"
      ],
      "unfree": false,
      "version": "1.26.3",
      "outputs_to_install": [
        "out"
      ],
      "outputs": {
        "out": "/nix/store/33fw5m31lfcnk4ff2f0df7j2bxnh8lgk-go-1.26.3"
      },
      "system": "x86_64-linux",
      "group": "toplevel",
      "priority": 5
    },
    {
      "install_id": "kdns-debug",
      "locked-url": "path:/private/var/lib/git/nxmatic/rke2lab/manifests/src/main/resources/runtime/flox-runtime/envs.d/networking/kdns/.flox/env?lastModified=1779720960&narHash=sha256-lOry82rPJ8YKhguWS1Ik6DqPRRVQ%2BrmcBme6m/k0YHg%3D",
      "flake-description": "kdns - Kubernetes DNS with mDNS support",
      "locked-flake-attr-path": "packages.aarch64-darwin.kdns-debug",
      "derivation": "/nix/store/kqdkhnzq6v3hb24by3xii2rhvjqkn38l-kdns-debug-0.2.15.drv",
      "outputs": {
        "out": "/nix/store/vv43l3lga0mck2q8001hls6q5vfidj3b-kdns-debug-0.2.15"
      },
      "output-names": [
        "out"
      ],
      "outputs-to-install": [
        "out"
      ],
      "requested-outputs-to-install": [],
      "package-system": "aarch64-darwin",
      "system": "aarch64-darwin",
      "name": "kdns-debug-0.2.15",
      "pname": "kdns-debug",
      "version": "0.2.15",
      "description": "Kubernetes DNS controller with mDNS support (debug build)",
      "licenses": [
        "MIT"
      ],
      "broken": false,
      "unfree": false,
      "priority": 5
    },
    {
      "install_id": "kdns-debug",
      "locked-url": "path:/private/var/lib/git/nxmatic/rke2lab/manifests/src/main/resources/runtime/flox-runtime/envs.d/networking/kdns/.flox/env?lastModified=1779720960&narHash=sha256-lOry82rPJ8YKhguWS1Ik6DqPRRVQ%2BrmcBme6m/k0YHg%3D",
      "flake-description": "kdns - Kubernetes DNS with mDNS support",
      "locked-flake-attr-path": "packages.aarch64-linux.kdns-debug",
      "derivation": "/nix/store/16rz43q0hbpryrpvdkr6qv635cdzqb8z-kdns-debug-0.2.15.drv",
      "outputs": {
        "out": "/nix/store/xpzkz47cig4pir0z024wfr8643viz1wd-kdns-debug-0.2.15"
      },
      "output-names": [
        "out"
      ],
      "outputs-to-install": [
        "out"
      ],
      "requested-outputs-to-install": [],
      "package-system": "aarch64-linux",
      "system": "aarch64-linux",
      "name": "kdns-debug-0.2.15",
      "pname": "kdns-debug",
      "version": "0.2.15",
      "description": "Kubernetes DNS controller with mDNS support (debug build)",
      "licenses": [
        "MIT"
      ],
      "broken": false,
      "unfree": false,
      "priority": 5
    },
    {
      "install_id": "kdns-debug",
      "locked-url": "path:/private/var/lib/git/nxmatic/rke2lab/manifests/src/main/resources/runtime/flox-runtime/envs.d/networking/kdns/.flox/env?lastModified=1779720960&narHash=sha256-lOry82rPJ8YKhguWS1Ik6DqPRRVQ%2BrmcBme6m/k0YHg%3D",
      "flake-description": "kdns - Kubernetes DNS with mDNS support",
      "locked-flake-attr-path": "packages.x86_64-darwin.kdns-debug",
      "derivation": "/nix/store/9q8917pl478zr8mv6wslakshqcdnvshp-kdns-debug-0.2.15.drv",
      "outputs": {
        "out": "/nix/store/bd5k1g7qq02gjf6ddyfkydwb3xy3z8d9-kdns-debug-0.2.15"
      },
      "output-names": [
        "out"
      ],
      "outputs-to-install": [
        "out"
      ],
      "requested-outputs-to-install": [],
      "package-system": "x86_64-darwin",
      "system": "x86_64-darwin",
      "name": "kdns-debug-0.2.15",
      "pname": "kdns-debug",
      "version": "0.2.15",
      "description": "Kubernetes DNS controller with mDNS support (debug build)",
      "licenses": [
        "MIT"
      ],
      "broken": false,
      "unfree": false,
      "priority": 5
    },
    {
      "install_id": "kdns-debug",
      "locked-url": "path:/private/var/lib/git/nxmatic/rke2lab/manifests/src/main/resources/runtime/flox-runtime/envs.d/networking/kdns/.flox/env?lastModified=1779720960&narHash=sha256-lOry82rPJ8YKhguWS1Ik6DqPRRVQ%2BrmcBme6m/k0YHg%3D",
      "flake-description": "kdns - Kubernetes DNS with mDNS support",
      "locked-flake-attr-path": "packages.x86_64-linux.kdns-debug",
      "derivation": "/nix/store/ckhxml5qlxspcajyiwkpvg6vwzgqv1s9-kdns-debug-0.2.15.drv",
      "outputs": {
        "out": "/nix/store/i3v9np6f2s6acxwlpnx2n28mlskvsg6h-kdns-debug-0.2.15"
      },
      "output-names": [
        "out"
      ],
      "outputs-to-install": [
        "out"
      ],
      "requested-outputs-to-install": [],
      "package-system": "x86_64-linux",
      "system": "x86_64-linux",
      "name": "kdns-debug-0.2.15",
      "pname": "kdns-debug",
      "version": "0.2.15",
      "description": "Kubernetes DNS controller with mDNS support (debug build)",
      "licenses": [
        "MIT"
      ],
      "broken": false,
      "unfree": false,
      "priority": 5
    }
  ]
}
