{
  "lockfile-version": 1,
  "manifest": {
    "schema-version": "1.10.0",
    "install": {
      "bash": {
        "pkg-path": "bash",
        "outputs": "all"
      },
      "coreutils": {
        "pkg-path": "coreutils",
        "outputs": "all"
      },
      "curl": {
        "pkg-path": "curl"
      },
      "delve": {
        "pkg-path": "delve"
      },
      "headscale-debug": {
        "flake": "path:../../..#headscale-debug"
      },
      "kubectl": {
        "pkg-path": "kubectl",
        "outputs": "all"
      },
      "strace": {
        "pkg-path": "strace"
      }
    },
    "options": {
      "systems": [
        "aarch64-linux"
      ]
    }
  },
  "packages": [
    {
      "attr_path": "bash",
      "broken": false,
      "derivation": "/nix/store/6m17d0hk048xgklqrblndd6hxbx536x9-bash-interactive-5.3p15.drv",
      "description": "GNU Bourne-Again Shell, the de facto standard shell on Linux (for interactive use)",
      "install_id": "bash",
      "license": "GPL-3.0-or-later",
      "locked_url": "https://github.com/flox/nixpkgs?rev=56c02bc00adcf003215cc4bd996d6efaf4cff188",
      "name": "bash-interactive-5.3p15",
      "pname": "bash",
      "rev": "56c02bc00adcf003215cc4bd996d6efaf4cff188",
      "rev_count": 1060451,
      "rev_date": "2026-08-23T15:22:48Z",
      "scrape_date": "2026-08-25T05:27:21.628451Z",
      "stabilities": [
        "unstable"
      ],
      "unfree": false,
      "version": "5.3p15",
      "outputs_to_install": [
        "man",
        "out",
        "out"
      ],
      "outputs": {
        "debug": "/nix/store/0dl2x2hd1chhnl1jnzid2n2pigidvvw3-bash-interactive-5.3p15-debug",
        "dev": "/nix/store/jllm6fy12lsxnk9af20yjf83livhddzh-bash-interactive-5.3p15-dev",
        "doc": "/nix/store/p7kxvv6n35nkn2kf7m4gsyh18lpdc174-bash-interactive-5.3p15-doc",
        "info": "/nix/store/3n2nk4fr1c3lk7dqbvd802svdrhmg7fd-bash-interactive-5.3p15-info",
        "man": "/nix/store/gdbq6857ydnda2zi8fhdmzpbjh9d946l-bash-interactive-5.3p15-man",
        "out": "/nix/store/a9kda025a17126f14c01xpwscmjqddwb-bash-interactive-5.3p15"
      },
      "system": "aarch64-linux",
      "group": "toplevel",
      "priority": 5
    },
    {
      "attr_path": "coreutils",
      "broken": false,
      "derivation": "/nix/store/zywpcpzi0b2d4av1h0lg7x8nnf672mfz-coreutils-9.11.drv",
      "description": "GNU Core Utilities",
      "install_id": "coreutils",
      "license": "GPL-3.0-or-later",
      "locked_url": "https://github.com/flox/nixpkgs?rev=56c02bc00adcf003215cc4bd996d6efaf4cff188",
      "name": "coreutils-9.11",
      "pname": "coreutils",
      "rev": "56c02bc00adcf003215cc4bd996d6efaf4cff188",
      "rev_count": 1060451,
      "rev_date": "2026-08-23T15:22:48Z",
      "scrape_date": "2026-08-25T05:27:22.130238Z",
      "stabilities": [
        "unstable"
      ],
      "unfree": false,
      "version": "9.11",
      "outputs_to_install": [
        "out",
        "out",
        "out"
      ],
      "outputs": {
        "debug": "/nix/store/9s0n8g4m0yy3fkglglir6vfm3g7lncvl-coreutils-9.11-debug",
        "info": "/nix/store/kk4nsbj48pn6d33rvmxiw6w7r17bqdkn-coreutils-9.11-info",
        "out": "/nix/store/dqxknsb71lsgzfzcdmn6x7fzssqbdyyx-coreutils-9.11"
      },
      "system": "aarch64-linux",
      "group": "toplevel",
      "priority": 5
    },
    {
      "attr_path": "curl",
      "broken": false,
      "derivation": "/nix/store/n6mbhphh51pv5i3hvzhjmkmmchqg49m8-curl-8.21.0.drv",
      "description": "Command line tool for transferring files with URL syntax",
      "install_id": "curl",
      "license": "curl",
      "locked_url": "https://github.com/flox/nixpkgs?rev=56c02bc00adcf003215cc4bd996d6efaf4cff188",
      "name": "curl-8.21.0",
      "pname": "curl",
      "rev": "56c02bc00adcf003215cc4bd996d6efaf4cff188",
      "rev_count": 1060451,
      "rev_date": "2026-08-23T15:22:48Z",
      "scrape_date": "2026-08-25T05:27:22.223898Z",
      "stabilities": [
        "unstable"
      ],
      "unfree": false,
      "version": "8.21.0",
      "outputs_to_install": [
        "bin",
        "bin",
        "man",
        "man"
      ],
      "outputs": {
        "bin": "/nix/store/ai0yaxin94p1ya5d49nw0bbbqx17jzdr-curl-8.21.0-bin",
        "debug": "/nix/store/a5p76djkfsw0k6gcr86rc5lxdm8qp95f-curl-8.21.0-debug",
        "dev": "/nix/store/r19irjfvzkzijszg9nqkb4h9by6y7762-curl-8.21.0-dev",
        "devdoc": "/nix/store/i24iyj11axsw8xq225z4bhfzfr4bg9q8-curl-8.21.0-devdoc",
        "man": "/nix/store/fdn90f4m92qk40q8vq8ijpq1yvbd0pci-curl-8.21.0-man",
        "out": "/nix/store/w0szn2ip93x22mzmlxxgncrcj9qnm4wc-curl-8.21.0"
      },
      "system": "aarch64-linux",
      "group": "toplevel",
      "priority": 5
    },
    {
      "attr_path": "delve",
      "broken": false,
      "derivation": "/nix/store/kzaa5q4jjdlx9y7bhhkp7783xs2lk9n5-delve-1.27.1.drv",
      "description": "Debugger for the Go programming language",
      "install_id": "delve",
      "license": "MIT",
      "locked_url": "https://github.com/flox/nixpkgs?rev=56c02bc00adcf003215cc4bd996d6efaf4cff188",
      "name": "delve-1.27.1",
      "pname": "delve",
      "rev": "56c02bc00adcf003215cc4bd996d6efaf4cff188",
      "rev_count": 1060451,
      "rev_date": "2026-08-23T15:22:48Z",
      "scrape_date": "2026-08-25T05:27:22.322783Z",
      "stabilities": [
        "unstable"
      ],
      "unfree": false,
      "version": "1.27.1",
      "outputs_to_install": [
        "out"
      ],
      "outputs": {
        "out": "/nix/store/kq78xx7aax02syz5fd65q1aajm37qq9a-delve-1.27.1"
      },
      "system": "aarch64-linux",
      "group": "toplevel",
      "priority": 5
    },
    {
      "attr_path": "kubectl",
      "broken": false,
      "derivation": "/nix/store/2is96v8lflgsnsz9jiic7r83145cgvs5-kubectl-1.36.3.drv",
      "description": "Kubernetes CLI",
      "install_id": "kubectl",
      "license": "Apache-2.0",
      "locked_url": "https://github.com/flox/nixpkgs?rev=56c02bc00adcf003215cc4bd996d6efaf4cff188",
      "name": "kubectl-1.36.3",
      "pname": "kubectl",
      "rev": "56c02bc00adcf003215cc4bd996d6efaf4cff188",
      "rev_count": 1060451,
      "rev_date": "2026-08-23T15:22:48Z",
      "scrape_date": "2026-08-25T05:27:45.871964Z",
      "stabilities": [
        "unstable"
      ],
      "unfree": false,
      "version": "1.36.3",
      "outputs_to_install": [
        "man",
        "out"
      ],
      "outputs": {
        "convert": "/nix/store/24md48z9majyrscs3ggdqzlgsh43ccbk-kubectl-1.36.3-convert",
        "man": "/nix/store/lxv9yji4ba7h4al0kvrnyh8nq28gkda0-kubectl-1.36.3-man",
        "out": "/nix/store/mwrypgbd1idjcnxrfmgif82zv06khnm6-kubectl-1.36.3"
      },
      "system": "aarch64-linux",
      "group": "toplevel",
      "priority": 5
    },
    {
      "attr_path": "strace",
      "broken": false,
      "derivation": "/nix/store/x5c6g773g4ghv0l8w2d4fd4vcy9inl04-strace-7.1.drv",
      "description": "System call tracer for Linux",
      "install_id": "strace",
      "license": "[ LGPL-2.1-or-later, GPL-2.0-or-later ]",
      "locked_url": "https://github.com/flox/nixpkgs?rev=56c02bc00adcf003215cc4bd996d6efaf4cff188",
      "name": "strace-7.1",
      "pname": "strace",
      "rev": "56c02bc00adcf003215cc4bd996d6efaf4cff188",
      "rev_count": 1060451,
      "rev_date": "2026-08-23T15:22:48Z",
      "scrape_date": "2026-08-25T05:29:55.193005Z",
      "stabilities": [
        "unstable"
      ],
      "unfree": false,
      "version": "7.1",
      "outputs_to_install": [
        "man",
        "out"
      ],
      "outputs": {
        "debug": "/nix/store/5v2hfbdy27cirbqx9njw3617vc55rqw2-strace-7.1-debug",
        "man": "/nix/store/bs4fvj32xpmkzby4xh8zvzywazg6c66m-strace-7.1-man",
        "out": "/nix/store/c6q57lv1d8v4ndvs25vgvzkrmvcrvvp6-strace-7.1"
      },
      "system": "aarch64-linux",
      "group": "toplevel",
      "priority": 5
    },
    {
      "install_id": "headscale-debug",
      "locked-url": "path:/private/var/lib/git/seedmatic/rke2lab.d/feature/nixos-node-substrate/osgi/domains/manifests/manifests-core/src/main/resources/runtime/flox?lastModified=1787745300&narHash=sha256-/OnLlznmqbuerEXm6gDb026I0Ms9BtrJvBYxal3hMdg%3D",
      "flake-description": "Flox runtime env catalog: per-workload packages (kdns, headplane, headscale, tailscale) the flox-nri-plugin injects. The plugin itself now lives in github:seedmatic/flox-nri-plugin (consumed as the flox-runtime input of the rke2lab flake).",
      "locked-flake-attr-path": "packages.aarch64-linux.headscale-debug",
      "derivation": "/nix/store/b4cq2z5kydrs863l4g4pzwvy36pgp0kr-headscale-debug-97fa117.drv",
      "outputs": {
        "out": "/nix/store/mzlmaf1fqr24115803nka92pxga519nl-headscale-debug-97fa117"
      },
      "output-names": [
        "out"
      ],
      "outputs-to-install": [
        "out"
      ],
      "requested-outputs-to-install": [],
      "package-system": "aarch64-linux",
      "system": "aarch64-linux",
      "name": "headscale-debug-97fa117",
      "pname": "headscale-debug",
      "version": "97fa117",
      "broken": false,
      "unfree": false,
      "priority": 5
    }
  ]
}