{
  "lockfile-version": 1,
  "manifest": {
    "schema-version": "1.10.0",
    "install": {
      "bash": {
        "pkg-path": "bash",
        "outputs": "all"
      },
      "coreutils": {
        "pkg-path": "coreutils",
        "outputs": "all"
      },
      "headplane": {
        "flake": "path:.flox/env#headplane"
      },
      "headplane-agent": {
        "flake": "path:.flox/env#headplane-agent"
      },
      "headplane-ssh-wasm": {
        "flake": "path:.flox/env#headplane-ssh-wasm"
      },
      "headscale": {
        "flake": "path:.flox/env#headscale"
      },
      "kubectl": {
        "pkg-path": "kubectl",
        "outputs": "all"
      },
      "yq-go": {
        "pkg-path": "yq-go"
      }
    },
    "options": {
      "systems": [
        "aarch64-linux",
        "aarch64-darwin"
      ]
    }
  },
  "packages": [
    {
      "attr_path": "bash",
      "broken": false,
      "derivation": "/nix/store/zf9mqr2qbbaqhs0qbh2mc8gc1gyaz5x5-bash-interactive-5.3p9.drv",
      "description": "GNU Bourne-Again Shell, the de facto standard shell on Linux (for interactive use)",
      "install_id": "bash",
      "license": "GPL-3.0-or-later",
      "locked_url": "https://github.com/flox/nixpkgs?rev=29916453413845e54a65b8a1cf996842300cd299",
      "name": "bash-interactive-5.3p9",
      "pname": "bash",
      "rev": "29916453413845e54a65b8a1cf996842300cd299",
      "rev_count": 1003640,
      "rev_date": "2026-05-23T03:54:30Z",
      "scrape_date": "2026-05-24T07:05:50.368178Z",
      "stabilities": [
        "unstable"
      ],
      "unfree": false,
      "version": "5.3p9",
      "outputs_to_install": [
        "man",
        "out"
      ],
      "outputs": {
        "dev": "/nix/store/xmb14n7f9yh8dyvqchlcyjzwp62wdnnb-bash-interactive-5.3p9-dev",
        "doc": "/nix/store/mjx4h2q5ryysmci0ilb3n7iihphf35nw-bash-interactive-5.3p9-doc",
        "info": "/nix/store/id48aywm43d68kcw0ykj58dx4ylphn8g-bash-interactive-5.3p9-info",
        "man": "/nix/store/z582wbk8fi8akrn1rmdp2s2lr93nfs6d-bash-interactive-5.3p9-man",
        "out": "/nix/store/jmww9gmmd1h1wjhlw4adcfnb2xkbab1w-bash-interactive-5.3p9"
      },
      "system": "aarch64-darwin",
      "group": "toplevel",
      "priority": 5
    },
    {
      "attr_path": "bash",
      "broken": false,
      "derivation": "/nix/store/yjlnifqyzrvjkck62c8jb90b6qfhf1a9-bash-interactive-5.3p9.drv",
      "description": "GNU Bourne-Again Shell, the de facto standard shell on Linux (for interactive use)",
      "install_id": "bash",
      "license": "GPL-3.0-or-later",
      "locked_url": "https://github.com/flox/nixpkgs?rev=29916453413845e54a65b8a1cf996842300cd299",
      "name": "bash-interactive-5.3p9",
      "pname": "bash",
      "rev": "29916453413845e54a65b8a1cf996842300cd299",
      "rev_count": 1003640,
      "rev_date": "2026-05-23T03:54:30Z",
      "scrape_date": "2026-05-24T07:34:04.109220Z",
      "stabilities": [
        "unstable"
      ],
      "unfree": false,
      "version": "5.3p9",
      "outputs_to_install": [
        "man",
        "out",
        "out"
      ],
      "outputs": {
        "debug": "/nix/store/59jsjxl9w1yp212h1d1qq0xl0v2cch06-bash-interactive-5.3p9-debug",
        "dev": "/nix/store/1ry8ms2dz2ggmind11cwcxba1bsiih8p-bash-interactive-5.3p9-dev",
        "doc": "/nix/store/kvrdzcknzwwfim9bcrmqjghk74lmgrz6-bash-interactive-5.3p9-doc",
        "info": "/nix/store/npi4wzy3qpn6x7ljdpd5kn1bvn5jzqx3-bash-interactive-5.3p9-info",
        "man": "/nix/store/zfmp9hfsfz2my62xpy5lx2b2ax33zv8y-bash-interactive-5.3p9-man",
        "out": "/nix/store/rprpkkhvvf36qgpxhdjb7nmq26ayhf3f-bash-interactive-5.3p9"
      },
      "system": "aarch64-linux",
      "group": "toplevel",
      "priority": 5
    },
    {
      "attr_path": "coreutils",
      "broken": false,
      "derivation": "/nix/store/cvg9lkn1bkgh7wfw9idx5l3wlqci58p0-coreutils-9.11.drv",
      "description": "GNU Core Utilities",
      "install_id": "coreutils",
      "license": "GPL-3.0-or-later",
      "locked_url": "https://github.com/flox/nixpkgs?rev=29916453413845e54a65b8a1cf996842300cd299",
      "name": "coreutils-9.11",
      "pname": "coreutils",
      "rev": "29916453413845e54a65b8a1cf996842300cd299",
      "rev_count": 1003640,
      "rev_date": "2026-05-23T03:54:30Z",
      "scrape_date": "2026-05-24T07:05:50.825074Z",
      "stabilities": [
        "unstable"
      ],
      "unfree": false,
      "version": "9.11",
      "outputs_to_install": [
        "out"
      ],
      "outputs": {
        "info": "/nix/store/83kk1z6r4n7il426hl9qhgvjn3gw3i3k-coreutils-9.11-info",
        "out": "/nix/store/y0ha8v4gh5vnwwmp2r0msfbdlvgwv2np-coreutils-9.11"
      },
      "system": "aarch64-darwin",
      "group": "toplevel",
      "priority": 5
    },
    {
      "attr_path": "coreutils",
      "broken": false,
      "derivation": "/nix/store/hcyz1x1w9dxfsmq5kv2abdw2qvnv766h-coreutils-9.11.drv",
      "description": "GNU Core Utilities",
      "install_id": "coreutils",
      "license": "GPL-3.0-or-later",
      "locked_url": "https://github.com/flox/nixpkgs?rev=29916453413845e54a65b8a1cf996842300cd299",
      "name": "coreutils-9.11",
      "pname": "coreutils",
      "rev": "29916453413845e54a65b8a1cf996842300cd299",
      "rev_count": 1003640,
      "rev_date": "2026-05-23T03:54:30Z",
      "scrape_date": "2026-05-24T07:34:04.645271Z",
      "stabilities": [
        "unstable"
      ],
      "unfree": false,
      "version": "9.11",
      "outputs_to_install": [
        "out",
        "out"
      ],
      "outputs": {
        "debug": "/nix/store/p2vk0ll7l8dp5n203ffrvjpj491h6x90-coreutils-9.11-debug",
        "info": "/nix/store/c96my4whwlw38gqj39370k93bbbrwn3h-coreutils-9.11-info",
        "out": "/nix/store/9bhf1ff1kwhmyynws5jkjp8k7pkh6kix-coreutils-9.11"
      },
      "system": "aarch64-linux",
      "group": "toplevel",
      "priority": 5
    },
    {
      "attr_path": "kubectl",
      "broken": false,
      "derivation": "/nix/store/mnyayc621bpghvdvi3bsvk79v8qnja0k-kubectl-1.36.1.drv",
      "description": "Kubernetes CLI",
      "install_id": "kubectl",
      "license": "Apache-2.0",
      "locked_url": "https://github.com/flox/nixpkgs?rev=29916453413845e54a65b8a1cf996842300cd299",
      "name": "kubectl-1.36.1",
      "pname": "kubectl",
      "rev": "29916453413845e54a65b8a1cf996842300cd299",
      "rev_count": 1003640,
      "rev_date": "2026-05-23T03:54:30Z",
      "scrape_date": "2026-05-24T07:06:08.362359Z",
      "stabilities": [
        "unstable"
      ],
      "unfree": false,
      "version": "1.36.1",
      "outputs_to_install": [
        "man",
        "out"
      ],
      "outputs": {
        "convert": "/nix/store/7k4n6fpadgmd0is7az9snbmilv4igzcl-kubectl-1.36.1-convert",
        "man": "/nix/store/4dncnmrgkz3cym4yyyfm0v8ajd98ij4k-kubectl-1.36.1-man",
        "out": "/nix/store/bayrw2infwx1kwsm7sbl7w7a4irb9xik-kubectl-1.36.1"
      },
      "system": "aarch64-darwin",
      "group": "toplevel",
      "priority": 5
    },
    {
      "attr_path": "kubectl",
      "broken": false,
      "derivation": "/nix/store/wlnagmw8wkblk4972i8ilaiickzyzg6q-kubectl-1.36.1.drv",
      "description": "Kubernetes CLI",
      "install_id": "kubectl",
      "license": "Apache-2.0",
      "locked_url": "https://github.com/flox/nixpkgs?rev=29916453413845e54a65b8a1cf996842300cd299",
      "name": "kubectl-1.36.1",
      "pname": "kubectl",
      "rev": "29916453413845e54a65b8a1cf996842300cd299",
      "rev_count": 1003640,
      "rev_date": "2026-05-23T03:54:30Z",
      "scrape_date": "2026-05-24T07:34:28.181630Z",
      "stabilities": [
        "unstable"
      ],
      "unfree": false,
      "version": "1.36.1",
      "outputs_to_install": [
        "man",
        "out"
      ],
      "outputs": {
        "convert": "/nix/store/kac9kz46wfklva8f850mshsdn8g4w4ps-kubectl-1.36.1-convert",
        "man": "/nix/store/yq1yk6mx67s5m752xjr2yl6c1axkgqh1-kubectl-1.36.1-man",
        "out": "/nix/store/fjdhpd9i7122m1y1pvcpdalgspxmbald-kubectl-1.36.1"
      },
      "system": "aarch64-linux",
      "group": "toplevel",
      "priority": 5
    },
    {
      "attr_path": "yq-go",
      "broken": false,
      "derivation": "/nix/store/qkqj77brrg0z1xfvg5617dxh2pc8aj4j-yq-go-4.53.2.drv",
      "description": "Portable command-line YAML processor",
      "install_id": "yq-go",
      "license": "[ MIT ]",
      "locked_url": "https://github.com/flox/nixpkgs?rev=29916453413845e54a65b8a1cf996842300cd299",
      "name": "yq-go-4.53.2",
      "pname": "yq-go",
      "rev": "29916453413845e54a65b8a1cf996842300cd299",
      "rev_count": 1003640,
      "rev_date": "2026-05-23T03:54:30Z",
      "scrape_date": "2026-05-24T07:08:38.092693Z",
      "stabilities": [
        "unstable"
      ],
      "unfree": false,
      "version": "4.53.2",
      "outputs_to_install": [
        "out"
      ],
      "outputs": {
        "out": "/nix/store/ffkx6855qiv6004asmckjqwcq6dvc32q-yq-go-4.53.2"
      },
      "system": "aarch64-darwin",
      "group": "toplevel",
      "priority": 5
    },
    {
      "attr_path": "yq-go",
      "broken": false,
      "derivation": "/nix/store/rmr4nxxfa7sjl6kjbw9c05gyis2mabl2-yq-go-4.53.2.drv",
      "description": "Portable command-line YAML processor",
      "install_id": "yq-go",
      "license": "[ MIT ]",
      "locked_url": "https://github.com/flox/nixpkgs?rev=29916453413845e54a65b8a1cf996842300cd299",
      "name": "yq-go-4.53.2",
      "pname": "yq-go",
      "rev": "29916453413845e54a65b8a1cf996842300cd299",
      "rev_count": 1003640,
      "rev_date": "2026-05-23T03:54:30Z",
      "scrape_date": "2026-05-24T07:37:58.957521Z",
      "stabilities": [
        "unstable"
      ],
      "unfree": false,
      "version": "4.53.2",
      "outputs_to_install": [
        "out"
      ],
      "outputs": {
        "out": "/nix/store/3hsajqhhm8m9nx306jh09m1qz4idwmxk-yq-go-4.53.2"
      },
      "system": "aarch64-linux",
      "group": "toplevel",
      "priority": 5
    },
    {
      "install_id": "headplane",
      "locked-url": "path:/private/var/lib/git/nxmatic/rke2lab/manifests/src/main/resources/runtime/flox-runtime/envs.d/mesh/headplane/.flox/env?lastModified=1779721088&narHash=sha256-ulbQQijTcB3xZlYGdVsB8YkboS4u71fZOO%2BHEr%2Bj0z4%3D",
      "flake-description": "headplane overlay with aarch64-linux",
      "locked-flake-attr-path": "packages.aarch64-linux.headplane",
      "derivation": "/nix/store/6x0if4vgv03fzp6z8p38fpymplvjdp60-headplane-0.6.3.drv",
      "outputs": {
        "out": "/nix/store/b03x8ysrg34646h4igyyngqx0hlb4z9d-headplane-0.6.3"
      },
      "output-names": [
        "out"
      ],
      "outputs-to-install": [
        "out"
      ],
      "requested-outputs-to-install": [],
      "package-system": "aarch64-linux",
      "system": "aarch64-linux",
      "name": "headplane-0.6.3",
      "pname": "headplane",
      "version": "0.6.3",
      "broken": false,
      "unfree": false,
      "priority": 5
    },
    {
      "install_id": "headplane",
      "locked-url": "path:/private/var/lib/git/nxmatic/rke2lab/manifests/src/main/resources/runtime/flox-runtime/envs.d/mesh/headplane/.flox/env?lastModified=1779721088&narHash=sha256-ulbQQijTcB3xZlYGdVsB8YkboS4u71fZOO%2BHEr%2Bj0z4%3D",
      "flake-description": "headplane overlay with aarch64-linux",
      "locked-flake-attr-path": "packages.aarch64-darwin.headplane",
      "derivation": "/nix/store/cviza0q9svz4wdi1hgmd6iypfk0zba3y-headplane-0.6.3.drv",
      "outputs": {
        "out": "/nix/store/nbwx0bsla0fkpd8zwgqx7rgvm21xhypd-headplane-0.6.3"
      },
      "output-names": [
        "out"
      ],
      "outputs-to-install": [
        "out"
      ],
      "requested-outputs-to-install": [],
      "package-system": "aarch64-darwin",
      "system": "aarch64-darwin",
      "name": "headplane-0.6.3",
      "pname": "headplane",
      "version": "0.6.3",
      "broken": false,
      "unfree": false,
      "priority": 5
    },
    {
      "install_id": "headplane-agent",
      "locked-url": "path:/private/var/lib/git/nxmatic/rke2lab/manifests/src/main/resources/runtime/flox-runtime/envs.d/mesh/headplane/.flox/env?lastModified=1779721088&narHash=sha256-ulbQQijTcB3xZlYGdVsB8YkboS4u71fZOO%2BHEr%2Bj0z4%3D",
      "flake-description": "headplane overlay with aarch64-linux",
      "locked-flake-attr-path": "packages.aarch64-linux.headplane-agent",
      "derivation": "/nix/store/scldsjd2k3g6lzixhk7vn956hafz7gqq-hp_agent-0.6.3.drv",
      "outputs": {
        "out": "/nix/store/7hz17yjbyjhc35fnfmzp7z6y7mg4vfnp-hp_agent-0.6.3"
      },
      "output-names": [
        "out"
      ],
      "outputs-to-install": [
        "out"
      ],
      "requested-outputs-to-install": [],
      "package-system": "aarch64-linux",
      "system": "aarch64-linux",
      "name": "hp_agent-0.6.3",
      "pname": "hp_agent",
      "version": "0.6.3",
      "broken": false,
      "unfree": false,
      "priority": 5
    },
    {
      "install_id": "headplane-agent",
      "locked-url": "path:/private/var/lib/git/nxmatic/rke2lab/manifests/src/main/resources/runtime/flox-runtime/envs.d/mesh/headplane/.flox/env?lastModified=1779721088&narHash=sha256-ulbQQijTcB3xZlYGdVsB8YkboS4u71fZOO%2BHEr%2Bj0z4%3D",
      "flake-description": "headplane overlay with aarch64-linux",
      "locked-flake-attr-path": "packages.aarch64-darwin.headplane-agent",
      "derivation": "/nix/store/lc879x7yfxml2xra9pb81lf4mdxvx1j0-hp_agent-0.6.3.drv",
      "outputs": {
        "out": "/nix/store/d9zj4l3yxa8aw73rif17rmbxc1cavnkp-hp_agent-0.6.3"
      },
      "output-names": [
        "out"
      ],
      "outputs-to-install": [
        "out"
      ],
      "requested-outputs-to-install": [],
      "package-system": "aarch64-darwin",
      "system": "aarch64-darwin",
      "name": "hp_agent-0.6.3",
      "pname": "hp_agent",
      "version": "0.6.3",
      "broken": false,
      "unfree": false,
      "priority": 5
    },
    {
      "install_id": "headplane-ssh-wasm",
      "locked-url": "path:/private/var/lib/git/nxmatic/rke2lab/manifests/src/main/resources/runtime/flox-runtime/envs.d/mesh/headplane/.flox/env?lastModified=1779721088&narHash=sha256-ulbQQijTcB3xZlYGdVsB8YkboS4u71fZOO%2BHEr%2Bj0z4%3D",
      "flake-description": "headplane overlay with aarch64-linux",
      "locked-flake-attr-path": "packages.aarch64-linux.headplane-ssh-wasm",
      "derivation": "/nix/store/m3wgmgab968fccsbkzxlwijc3v4isxhi-headplane-ssh-wasm-0.6.3.drv",
      "outputs": {
        "out": "/nix/store/ypsi5q0r5l38pg4h98mknnki34m6g33h-headplane-ssh-wasm-0.6.3"
      },
      "output-names": [
        "out"
      ],
      "outputs-to-install": [
        "out"
      ],
      "requested-outputs-to-install": [],
      "package-system": "aarch64-linux",
      "system": "aarch64-linux",
      "name": "headplane-ssh-wasm-0.6.3",
      "pname": "headplane-ssh-wasm",
      "version": "0.6.3",
      "broken": false,
      "unfree": false,
      "priority": 5
    },
    {
      "install_id": "headplane-ssh-wasm",
      "locked-url": "path:/private/var/lib/git/nxmatic/rke2lab/manifests/src/main/resources/runtime/flox-runtime/envs.d/mesh/headplane/.flox/env?lastModified=1779721088&narHash=sha256-ulbQQijTcB3xZlYGdVsB8YkboS4u71fZOO%2BHEr%2Bj0z4%3D",
      "flake-description": "headplane overlay with aarch64-linux",
      "locked-flake-attr-path": "packages.aarch64-darwin.headplane-ssh-wasm",
      "derivation": "/nix/store/bkbqsd4l7m8dhyk5zqsxi91bm41mym9j-headplane-ssh-wasm-0.6.3.drv",
      "outputs": {
        "out": "/nix/store/hdk8j5xlb8jw7b8gidjdiln12yphq732-headplane-ssh-wasm-0.6.3"
      },
      "output-names": [
        "out"
      ],
      "outputs-to-install": [
        "out"
      ],
      "requested-outputs-to-install": [],
      "package-system": "aarch64-darwin",
      "system": "aarch64-darwin",
      "name": "headplane-ssh-wasm-0.6.3",
      "pname": "headplane-ssh-wasm",
      "version": "0.6.3",
      "broken": false,
      "unfree": false,
      "priority": 5
    },
    {
      "install_id": "headscale",
      "locked-url": "path:/private/var/lib/git/nxmatic/rke2lab/manifests/src/main/resources/runtime/flox-runtime/envs.d/mesh/headplane/.flox/env?lastModified=1779721088&narHash=sha256-ulbQQijTcB3xZlYGdVsB8YkboS4u71fZOO%2BHEr%2Bj0z4%3D",
      "flake-description": "headplane overlay with aarch64-linux",
      "locked-flake-attr-path": "packages.aarch64-linux.headscale",
      "derivation": "/nix/store/bp0p6hq5lrsfa6dkpdhc4im071k9x0gg-headscale-0.27.1.drv",
      "outputs": {
        "out": "/nix/store/56v0mp9qzw8xldxckf7zqfcrnh0cdp8b-headscale-0.27.1"
      },
      "output-names": [
        "out"
      ],
      "outputs-to-install": [
        "out"
      ],
      "requested-outputs-to-install": [],
      "package-system": "aarch64-linux",
      "system": "aarch64-linux",
      "name": "headscale-0.27.1",
      "pname": "headscale",
      "version": "0.27.1",
      "description": "Open source, self-hosted implementation of the Tailscale control server",
      "licenses": [
        "BSD-3-Clause"
      ],
      "broken": false,
      "unfree": false,
      "priority": 5
    },
    {
      "install_id": "headscale",
      "locked-url": "path:/private/var/lib/git/nxmatic/rke2lab/manifests/src/main/resources/runtime/flox-runtime/envs.d/mesh/headplane/.flox/env?lastModified=1779721088&narHash=sha256-ulbQQijTcB3xZlYGdVsB8YkboS4u71fZOO%2BHEr%2Bj0z4%3D",
      "flake-description": "headplane overlay with aarch64-linux",
      "locked-flake-attr-path": "packages.aarch64-darwin.headscale",
      "derivation": "/nix/store/8b3mlq1x9znl8n18g1mipcc2kf4j0v3c-headscale-0.27.1.drv",
      "outputs": {
        "out": "/nix/store/avai16r80hblml5h9brvjanb7rxxs4nv-headscale-0.27.1"
      },
      "output-names": [
        "out"
      ],
      "outputs-to-install": [
        "out"
      ],
      "requested-outputs-to-install": [],
      "package-system": "aarch64-darwin",
      "system": "aarch64-darwin",
      "name": "headscale-0.27.1",
      "pname": "headscale",
      "version": "0.27.1",
      "description": "Open source, self-hosted implementation of the Tailscale control server",
      "licenses": [
        "BSD-3-Clause"
      ],
      "broken": false,
      "unfree": false,
      "priority": 5
    }
  ]
}
